{
  "requires": true,
  "lockfileVersion": 1,
  "dependencies": {
    "@prisma/engines": {
      "version": "3.3.0-30.33838b0f78f1fe9052cf9a00e9761c9dc097a63c",
      "resolved": "https://registry.npmjs.org/@prisma/engines/-/engines-3.3.0-30.33838b0f78f1fe9052cf9a00e9761c9dc097a63c.tgz",
      "integrity": "sha512-T3nEnRWmoneNZJPd9IBR29G8ZDUjNelA8+cG5y8/lh6vySm6ryWSNxj1s377U9YzFYyZmXiA9vK1iyxMoRff/g==",
      "dev": true
    },
    "prisma": {
      "version": "3.3.0",
      "resolved": "https://registry.npmjs.org/prisma/-/prisma-3.3.0.tgz",
      "integrity": "sha512-E7C9mXRwZVpcnSeJT533qGHUVrYULsE9ihFvAtQMuxhTXkxoRlMLyo/1ZOyeu9GdXP8DJ7ruLOw06kEs/N3dVg==",
      "dev": true,
      "requires": {
        "@prisma/engines": "3.3.0-30.33838b0f78f1fe9052cf9a00e9761c9dc097a63c"
      }
    }
  }
}
